// !$*UTF8*$!
{
	archiveVersion = 1;
	classes = {
	};
	objectVersion = 46;
	objects = {

/* Begin PBXBuildFile section */
		8804239A1E0BBCEA00383241 /* main.m in Sources */ = {isa = PBXBuildFile; fileRef = 880423991E0BBCEA00383241 /* main.m */; };
		8804239D1E0BBCEA00383241 /* AppDelegate.m in Sources */ = {isa = PBXBuildFile; fileRef = 8804239C1E0BBCEA00383241 /* AppDelegate.m */; };
		880423A01E0BBCEA00383241 /* ViewController.m in Sources */ = {isa = PBXBuildFile; fileRef = 8804239F1E0BBCEA00383241 /* ViewController.m */; };
		880423A31E0BBCEA00383241 /* Main.storyboard in Resources */ = {isa = PBXBuildFile; fileRef = 880423A11E0BBCEA00383241 /* Main.storyboard */; };
		880423A51E0BBCEA00383241 /* Assets.xcassets in Resources */ = {isa = PBXBuildFile; fileRef = 880423A41E0BBCEA00383241 /* Assets.xcassets */; };
		880423A81E0BBCEA00383241 /* LaunchScreen.storyboard in Resources */ = {isa = PBXBuildFile; fileRef = 880423A61E0BBCEA00383241 /* LaunchScreen.storyboard */; };
		880423B31E0BBCEA00383241 /* UnitTestTests.m in Sources */ = {isa = PBXBuildFile; fileRef = 880423B21E0BBCEA00383241 /* UnitTestTests.m */; };
/* End PBXBuildFile section */

/* Begin PBXContainerItemProxy section */
		880423AF1E0BBCEA00383241 /* PBXContainerItemProxy */ = {
			isa = PBXContainerItemProxy;
			containerPortal = 8804238D1E0BBCEA00383241 /* Project object */;
			proxyType = 1;
			remoteGlobalIDString = 880423941E0BBCEA00383241;
			remoteInfo = UnitTest;
		};
/* End PBXContainerItemProxy section */

/* Begin PBXFileReference section */
		880423951E0BBCEA00383241 /* UnitTest.app */ = {isa = PBXFileReference; explicitFileType = wrapper.application; includeInIndex = 0; path = UnitTest.app; sourceTree = BUILT_PRODUCTS_DIR; };
		880423991E0BBCEA00383241 /* main.m */ = {isa = PBXFileReference; lastKnownFileType = sourcecode.c.objc; path = main.m; sourceTree = "<group>"; };
		8804239B1E0BBCEA00383241 /* AppDelegate.h */ = {isa = PBXFileReference; lastKnownFileType = sourcecode.c.h; path = AppDelegate.h; sourceTree = "<group>"; };
		8804239C1E0BBCEA00383241 /* AppDelegate.m */ = {isa = PBXFileReference; lastKnownFileType = sourcecode.c.objc; path = AppDelegate.m; sourceTree = "<group>"; };
		8804239E1E0BBCEA00383241 /* ViewController.h */ = {isa = PBXFileReference; lastKnownFileType = sourcecode.c.h; path = ViewController.h; sourceTree = "<group>"; };
		8804239F1E0BBCEA00383241 /* ViewController.m */ = {isa = PBXFileReference; lastKnownFileType = sourcecode.c.objc; path = ViewController.m; sourceTree = "<group>"; };
		880423A21E0BBCEA00383241 /* Base */ = {isa = PBXFileReference; lastKnownFileType = file.storyboard; name = Base; path = Base.lproj/Main.storyboard; sourceTree = "<group>"; };
		880423A41E0BBCEA00383241 /* Assets.xcassets */ = {isa = PBXFileReference; lastKnownFileType = folder.assetcatalog; path = Assets.xcassets; sourceTree = "<group>"; };
		880423A71E0BBCEA00383241 /* Base */ = {isa = PBXFileReference; lastKnownFileType = file.storyboard; name = Base; path = Base.lproj/LaunchScreen.storyboard; sourceTree = "<group>"; };
		880423A91E0BBCEA00383241 /* Info.plist */ = {isa = PBXFileReference; lastKnownFileType = text.plist.xml; path = Info.plist; sourceTree = "<group>"; };
		880423AE1E0BBCEA00383241 /* UnitTestTests.xctest */ = {isa = PBXFileReference; explicitFileType = wrapper.cfbundle; includeInIndex = 0; path = UnitTestTests.xctest; sourceTree = BUILT_PRODUCTS_DIR; };
		880423B21E0BBCEA00383241 /* UnitTestTests.m */ = {isa = PBXFileReference; lastKnownFileType = sourcecode.c.objc; path = UnitTestTests.m; sourceTree = "<group>"; };
		880423B41E0BBCEA00383241 /* Info.plist */ = {isa = PBXFileReference; lastKnownFileType = text.plist.xml; path = Info.plist; sourceTree = "<group>"; };
/* End PBXFileReference section */

/* Begin PBXFrameworksBuildPhase section */
		880423921E0BBCEA00383241 /* Frameworks */ = {
			isa = PBXFrameworksBuildPhase;
			buildActionMask = 2147483647;
			files = (
			);
			runOnlyForDeploymentPostprocessing = 0;
		};
		880423AB1E0BBCEA00383241 /* Frameworks */ = {
			isa = PBXFrameworksBuildPhase;
			buildActionMask = 2147483647;
			files = (
			);
			runOnlyForDeploymentPostprocessing = 0;
		};
/* End PBXFrameworksBuildPhase section */

/* Begin PBXGroup section */
		8804238C1E0BBCEA00383241 = {
			isa = PBXGroup;
			children = (
				880423971E0BBCEA00383241 /* UnitTest */,
				880423B11E0BBCEA00383241 /* UnitTestTests */,
				880423961E0BBCEA00383241 /* Products */,
			);
			sourceTree = "<group>";
		};
		880423961E0BBCEA00383241 /* Products */ = {
			isa = PBXGroup;
			children = (
				880423951E0BBCEA00383241 /* UnitTest.app */,
				880423AE1E0BBCEA00383241 /* UnitTestTests.xctest */,
			);
			name = Products;
			sourceTree = "<group>";
		};
		880423971E0BBCEA00383241 /* UnitTest */ = {
			isa = PBXGroup;
			children = (
				8804239B1E0BBCEA00383241 /* AppDelegate.h */,
				8804239C1E0BBCEA00383241 /* AppDelegate.m */,
				8804239E1E0BBCEA00383241 /* ViewController.h */,
				8804239F1E0BBCEA00383241 /* ViewController.m */,
				880423A11E0BBCEA00383241 /* Main.storyboard */,
				880423A41E0BBCEA00383241 /* Assets.xcassets */,
				880423A61E0BBCEA00383241 /* LaunchScreen.storyboard */,
				880423A91E0BBCEA00383241 /* Info.plist */,
				880423981E0BBCEA00383241 /* Supporting Files */,
			);
			path = UnitTest;
			sourceTree = "<group>";
		};
		880423981E0BBCEA00383241 /* Supporting Files */ = {
			isa = PBXGroup;
			children = (
				880423991E0BBCEA00383241 /* main.m */,
			);
			name = "Supporting Files";
			sourceTree = "<group>";
		};
		880423B11E0BBCEA00383241 /* UnitTestTests */ = {
			isa = PBXGroup;
			children = (
				880423B21E0BBCEA00383241 /* UnitTestTests.m */,
				880423B41E0BBCEA00383241 /* Info.plist */,
			);
			path = UnitTestTests;
			sourceTree = "<group>";
		};
/* End PBXGroup section */

/* Begin PBXNativeTarget section */
		880423941E0BBCEA00383241 /* UnitTest */ = {
			isa = PBXNativeTarget;
			buildConfigurationList = 880423B71E0BBCEA00383241 /* Build configuration list for PBXNativeTarget "UnitTest" */;
			buildPhases = (
				880423911E0BBCEA00383241 /* Sources */,
				880423921E0BBCEA00383241 /* Frameworks */,
				880423931E0BBCEA00383241 /* Resources */,
			);
			buildRules = (
			);
			dependencies = (
			);
			name = UnitTest;
			productName = UnitTest;
			productReference = 880423951E0BBCEA00383241 /* UnitTest.app */;
			productType = "com.apple.product-type.application";
		};
		880423AD1E0BBCEA00383241 /* UnitTestTests */ = {
			isa = PBXNativeTarget;
			buildConfigurationList = 880423BA1E0BBCEA00383241 /* Build configuration list for PBXNativeTarget "UnitTestTests" */;
			buildPhases = (
				880423AA1E0BBCEA00383241 /* Sources */,
				880423AB1E0BBCEA00383241 /* Frameworks */,
				880423AC1E0BBCEA00383241 /* Resources */,
			);
			buildRules = (
			);
			dependencies = (
				880423B01E0BBCEA00383241 /* PBXTargetDependency */,
			);
			name = UnitTestTests;
			productName = UnitTestTests;
			productReference = 880423AE1E0BBCEA00383241 /* UnitTestTests.xctest */;
			productType = "com.apple.product-type.bundle.unit-test";
		};
/* End PBXNativeTarget section */

/* Begin PBXProject section */
		8804238D1E0BBCEA00383241 /* Project object */ = {
			isa = PBXProject;
			attributes = {
				LastUpgradeCheck = 0810;
				ORGANIZATIONNAME = Jm;
				TargetAttributes = {
					880423941E0BBCEA00383241 = {
						CreatedOnToolsVersion = 8.1;
						ProvisioningStyle = Automatic;
					};
					880423AD1E0BBCEA00383241 = {
						CreatedOnToolsVersion = 8.1;
						ProvisioningStyle = Automatic;
						TestTargetID = 880423941E0BBCEA00383241;
					};
				};
			};
			buildConfigurationList = 880423901E0BBCEA00383241 /* Build configuration list for PBXProject "UnitTest" */;
			compatibilityVersion = "Xcode 3.2";
			developmentRegion = English;
			hasScannedForEncodings = 0;
			knownRegions = (
				en,
				Base,
			);
			mainGroup = 8804238C1E0BBCEA00383241;
			productRefGroup = 880423961E0BBCEA00383241 /* Products */;
			projectDirPath = "";
			projectRoot = "";
			targets = (
				880423941E0BBCEA00383241 /* UnitTest */,
				880423AD1E0BBCEA00383241 /* UnitTestTests */,
			);
		};
/* End PBXProject section */

/* Begin PBXResourcesBuildPhase section */
		880423931E0BBCEA00383241 /* Resources */ = {
			isa = PBXResourcesBuildPhase;
			buildActionMask = 2147483647;
			files = (
				880423A81E0BBCEA00383241 /* LaunchScreen.storyboard in Resources */,
				880423A51E0BBCEA00383241 /* Assets.xcassets in Resources */,
				880423A31E0BBCEA00383241 /* Main.storyboard in Resources */,
			);
			runOnlyForDeploymentPostprocessing = 0;
		};
		880423AC1E0BBCEA00383241 /* Resources */ = {
			isa = PBXResourcesBuildPhase;
			buildActionMask = 2147483647;
			files = (
			);
			runOnlyForDeploymentPostprocessing = 0;
		};
/* End PBXResourcesBuildPhase section */

/* Begin PBXSourcesBuildPhase section */
		880423911E0BBCEA00383241 /* Sources */ = {
			isa = PBXSourcesBuildPhase;
			buildActionMask = 2147483647;
			files = (
				880423A01E0BBCEA00383241 /* ViewController.m in Sources */,
				8804239D1E0BBCEA00383241 /* AppDelegate.m in Sources */,
				8804239A1E0BBCEA00383241 /* main.m in Sources */,
			);
			runOnlyForDeploymentPostprocessing = 0;
		};
		880423AA1E0BBCEA00383241 /* Sources */ = {
			isa = PBXSourcesBuildPhase;
			buildActionMask = 2147483647;
			files = (
				880423B31E0BBCEA00383241 /* UnitTestTests.m in Sources */,
			);
			runOnlyForDeploymentPostprocessing = 0;
		};
/* End PBXSourcesBuildPhase section */

/* Begin PBXTargetDependency section */
		880423B01E0BBCEA00383241 /* PBXTargetDependency */ = {
			isa = PBXTargetDependency;
			target = 880423941E0BBCEA00383241 /* UnitTest */;
			targetProxy = 880423AF1E0BBCEA00383241 /* PBXContainerItemProxy */;
		};
/* End PBXTargetDependency section */

/* Begin PBXVariantGroup section */
		880423A11E0BBCEA00383241 /* Main.storyboard */ = {
			isa = PBXVariantGroup;
			children = (
				880423A21E0BBCEA00383241 /* Base */,
			);
			name = Main.storyboard;
			sourceTree = "<group>";
		};
		880423A61E0BBCEA00383241 /* LaunchScreen.storyboard */ = {
			isa = PBXVariantGroup;
			children = (
				880423A71E0BBCEA00383241 /* Base */,
			);
			name = LaunchScreen.storyboard;
			sourceTree = "<group>";
		};
/* End PBXVariantGroup section */

/* Begin XCBuildConfiguration section */
		880423B51E0BBCEA00383241 /* Debug */ = {
			isa = XCBuildConfiguration;
			buildSettings = {
				ALWAYS_SEARCH_USER_PATHS = NO;
				CLANG_ANALYZER_NONNULL = YES;
				CLANG_CXX_LANGUAGE_STANDARD = "gnu++0x";
				CLANG_CXX_LIBRARY = "libc++";
				CLANG_ENABLE_MODULES = YES;
				CLANG_ENABLE_OBJC_ARC = YES;
				CLANG_WARN_BOOL_CONVERSION = YES;
				CLANG_WARN_CONSTANT_CONVERSION = YES;
				CLANG_WARN_DIRECT_OBJC_ISA_USAGE = YES_ERROR;
				CLANG_WARN_DOCUMENTATION_COMMENTS = YES;
				CLANG_WARN_EMPTY_BODY = YES;
				CLANG_WARN_ENUM_CONVERSION = YES;
				CLANG_WARN_INFINITE_RECURSION = YES;
				CLANG_WARN_INT_CONVERSION = YES;
				CLANG_WARN_OBJC_ROOT_CLASS = YES_ERROR;
				CLANG_WARN_SUSPICIOUS_MOVES = YES;
				CLANG_WARN_UNREACHABLE_CODE = YES;
				CLANG_WARN__DUPLICATE_METHOD_MATCH = YES;
				"CODE_SIGN_IDENTITY[sdk=iphoneos*]" = "iPhone Developer";
				COPY_PHASE_STRIP = NO;
				DEBUG_INFORMATION_FORMAT = dwarf;
				ENABLE_STRICT_OBJC_MSGSEND = YES;
				ENABLE_TESTABILITY = YES;
				GCC_C_LANGUAGE_STANDARD = gnu99;
				GCC_DYNAMIC_NO_PIC = NO;
				GCC_NO_COMMON_BLOCKS = YES;
				GCC_OPTIMIZATION_LEVEL = 0;
				GCC_PREPROCESSOR_DEFINITIONS = (
					"DEBUG=1",
					"$(inherited)",
				);
				GCC_WARN_64_TO_32_BIT_CONVERSION = YES;
				GCC_WARN_ABOUT_RETURN_TYPE = YES_ERROR;
				GCC_WARN_UNDECLARED_SELECTOR = YES;
				GCC_WARN_UNINITIALIZED_AUTOS = YES_AGGRESSIVE;
				GCC_WARN_UNUSED_FUNCTION = YES;
				GCC_WARN_UNUSED_VARIABLE = YES;
				IPHONEOS_DEPLOYMENT_TARGET = 10.1;
				MTL_ENABLE_DEBUG_INFO = YES;
				ONLY_ACTIVE_ARCH = YES;
				SDKROOT = iphoneos;
			};
			name = Debug;
		};
		880423B61E0BBCEA00383241 /* Release */ = {
			isa = XCBuildConfiguration;
			buildSettings = {
				ALWAYS_SEARCH_USER_PATHS = NO;
				CLANG_ANALYZER_NONNULL = YES;
				CLANG_CXX_LANGUAGE_STANDARD = "gnu++0x";
				CLANG_CXX_LIBRARY = "libc++";
				CLANG_ENABLE_MODULES = YES;
				CLANG_ENABLE_OBJC_ARC = YES;
				CLANG_WARN_BOOL_CONVERSION = YES;
				CLANG_WARN_CONSTANT_CONVERSION = YES;
				CLANG_WARN_DIRECT_OBJC_ISA_USAGE = YES_ERROR;
				CLANG_WARN_DOCUMENTATION_COMMENTS = YES;
				CLANG_WARN_EMPTY_BODY = YES;
				CLANG_WARN_ENUM_CONVERSION = YES;
				CLANG_WARN_INFINITE_RECURSION = YES;
				CLANG_WARN_INT_CONVERSION = YES;
				CLANG_WARN_OBJC_ROOT_CLASS = YES_ERROR;
				CLANG_WARN_SUSPICIOUS_MOVES = YES;
				CLANG_WARN_UNREACHABLE_CODE = YES;
				CLANG_WARN__DUPLICATE_METHOD_MATCH = YES;
				"CODE_SIGN_IDENTITY[sdk=iphoneos*]" = "iPhone Developer";
				COPY_PHASE_STRIP = NO;
				DEBUG_INFORMATION_FORMAT = "dwarf-with-dsym";
				ENABLE_NS_ASSERTIONS = NO;
				ENABLE_STRICT_OBJC_MSGSEND = YES;
				GCC_C_LANGUAGE_STANDARD = gnu99;
				GCC_NO_COMMON_BLOCKS = YES;
				GCC_WARN_64_TO_32_BIT_CONVERSION = YES;
				GCC_WARN_ABOUT_RETURN_TYPE = YES_ERROR;
				GCC_WARN_UNDECLARED_SELECTOR = YES;
				GCC_WARN_UNINITIALIZED_AUTOS = YES_AGGRESSIVE;
				GCC_WARN_UNUSED_FUNCTION = YES;
				GCC_WARN_UNUSED_VARIABLE = YES;
				IPHONEOS_DEPLOYMENT_TARGET = 10.1;
				MTL_ENABLE_DEBUG_INFO = NO;
				SDKROOT = iphoneos;
				VALIDATE_PRODUCT = YES;
			};
			name = Release;
		};
		880423B81E0BBCEA00383241 /* Debug */ = {
			isa = XCBuildConfiguration;
			buildSettings = {
				ASSETCATALOG_COMPILER_APPICON_NAME = AppIcon;
				INFOPLIST_FILE = UnitTest/Info.plist;
				LD_RUNPATH_SEARCH_PATHS = "$(inherited) @executable_path/Frameworks";
				PRODUCT_BUNDLE_IDENTIFIER = com.Jm.UnitTest;
				PRODUCT_NAME = "$(TARGET_NAME)";
			};
			name = Debug;
		};
		880423B91E0BBCEA00383241 /* Release */ = {
			isa = XCBuildConfiguration;
			buildSettings = {
				ASSETCATALOG_COMPILER_APPICON_NAME = AppIcon;
				INFOPLIST_FILE = UnitTest/Info.plist;
				LD_RUNPATH_SEARCH_PATHS = "$(inherited) @executable_path/Frameworks";
				PRODUCT_BUNDLE_IDENTIFIER = com.Jm.UnitTest;
				PRODUCT_NAME = "$(TARGET_NAME)";
			};
			name = Release;
		};
		880423BB1E0BBCEA00383241 /* Debug */ = {
			isa = XCBuildConfiguration;
			buildSettings = {
				BUNDLE_LOADER = "$(TEST_HOST)";
				INFOPLIST_FILE = UnitTestTests/Info.plist;
				LD_RUNPATH_SEARCH_PATHS = "$(inherited) @executable_path/Frameworks @loader_path/Frameworks";
				PRODUCT_BUNDLE_IDENTIFIER = com.Jm.UnitTestTests;
				PRODUCT_NAME = "$(TARGET_NAME)";
				TEST_HOST = "$(BUILT_PRODUCTS_DIR)/UnitTest.app/UnitTest";
			};
			name = Debug;
		};
		880423BC1E0BBCEA00383241 /* Release */ = {
			isa = XCBuildConfiguration;
			buildSettings = {
				BUNDLE_LOADER = "$(TEST_HOST)";
				INFOPLIST_FILE = UnitTestTests/Info.plist;
				LD_RUNPATH_SEARCH_PATHS = "$(inherited) @executable_path/Frameworks @loader_path/Frameworks";
				PRODUCT_BUNDLE_IDENTIFIER = com.Jm.UnitTestTests;
				PRODUCT_NAME = "$(TARGET_NAME)";
				TEST_HOST = "$(BUILT_PRODUCTS_DIR)/UnitTest.app/UnitTest";
			};
			name = Release;
		};
/* End XCBuildConfiguration section */

/* Begin XCConfigurationList section */
		880423901E0BBCEA00383241 /* Build configuration list for PBXProject "UnitTest" */ = {
			isa = XCConfigurationList;
			buildConfigurations = (
				880423B51E0BBCEA00383241 /* Debug */,
				880423B61E0BBCEA00383241 /* Release */,
			);
			defaultConfigurationIsVisible = 0;
			defaultConfigurationName = Release;
		};
		880423B71E0BBCEA00383241 /* Build configuration list for PBXNativeTarget "UnitTest" */ = {
			isa = XCConfigurationList;
			buildConfigurations = (
				880423B81E0BBCEA00383241 /* Debug */,
				880423B91E0BBCEA00383241 /* Release */,
			);
			defaultConfigurationIsVisible = 0;
		};
		880423BA1E0BBCEA00383241 /* Build configuration list for PBXNativeTarget "UnitTestTests" */ = {
			isa = XCConfigurationList;
			buildConfigurations = (
				880423BB1E0BBCEA00383241 /* Debug */,
				880423BC1E0BBCEA00383241 /* Release */,
			);
			defaultConfigurationIsVisible = 0;
		};
/* End XCConfigurationList section */
	};
	rootObject = 8804238D1E0BBCEA00383241 /* Project object */;
}
